{
  "name": "code_olymp_tester",
  "version": "0.0.0s0",
  "lockfileVersion": 2,
  "requires": true,
  "packages": {
    "": {
      "name": "code_olymp_tester",
      "version": "0.0.0s0",
      "license": "ISC",
      "dependencies": {
        "node-pty": "^1.0.0",
        "pidusage": "^3.0.2"
      }
    },
    "node_modules/nan": {
      "version": "2.17.0",
      "resolved": "https://registry.npmjs.org/nan/-/nan-2.17.0.tgz",
      "integrity": "sha512-2ZTgtl0nJsO0KQCjEpxcIr5D+Yv90plTitZt9JBfQvVJDS5seMl3FOvsh3+9CoYWXf/1l5OaZzzF6nDm4cagaQ=="
    },
    "node_modules/node-pty": {
      "version": "1.0.0",
      "resolved": "https://registry.npmjs.org/node-pty/-/node-pty-1.0.0.tgz",
      "integrity": "sha512-wtBMWWS7dFZm/VgqElrTvtfMq4GzJ6+edFI0Y0zyzygUSZMgZdraDUMUhCIvkjhJjme15qWmbyJbtAx4ot4uZA==",
      "hasInstallScript": true,
      "dependencies": {
        "nan": "^2.17.0"
      }
    },
    "node_modules/pidusage": {
      "version": "3.0.2",
      "resolved": "https://registry.npmjs.org/pidusage/-/pidusage-3.0.2.tgz",
      "integrity": "sha512-g0VU+y08pKw5M8EZ2rIGiEBaB8wrQMjYGFfW2QVIfyT8V+fq8YFLkvlz4bz5ljvFDJYNFCWT3PWqcRr2FKO81w==",
      "dependencies": {
        "safe-buffer": "^5.2.1"
      },
      "engines": {
        "node": ">=10"
      }
    },
    "node_modules/safe-buffer": {
      "version": "5.2.1",
      "resolved": "https://registry.npmjs.org/safe-buffer/-/safe-buffer-5.2.1.tgz",
      "integrity": "sha512-rp3So07KcdmmKbGvgaNxQSJr7bGVSVk5S9Eq1F+ppbRo70+YeaDxkw5Dd8NPN+GD6bjnYm2VuPuCXmpuYvmCXQ==",
      "funding": [
        {
          "type": "github",
          "url": "https://github.com/sponsors/feross"
        },
        {
          "type": "patreon",
          "url": "https://www.patreon.com/feross"
        },
        {
          "type": "consulting",
          "url": "https://feross.org/support"
        }
      ]
    }
  },
  "dependencies": {
    "nan": {
      "version": "2.17.0",
      "resolved": "https://registry.npmjs.org/nan/-/nan-2.17.0.tgz",
      "integrity": "sha512-2ZTgtl0nJsO0KQCjEpxcIr5D+Yv90plTitZt9JBfQvVJDS5seMl3FOvsh3+9CoYWXf/1l5OaZzzF6nDm4cagaQ=="
    },
    "node-pty": {
      "version": "1.0.0",
      "resolved": "https://registry.npmjs.org/node-pty/-/node-pty-1.0.0.tgz",
      "integrity": "sha512-wtBMWWS7dFZm/VgqElrTvtfMq4GzJ6+edFI0Y0zyzygUSZMgZdraDUMUhCIvkjhJjme15qWmbyJbtAx4ot4uZA==",
      "requires": {
        "nan": "^2.17.0"
      }
    },
    "pidusage": {
      "version": "3.0.2",
      "resolved": "https://registry.npmjs.org/pidusage/-/pidusage-3.0.2.tgz",
      "integrity": "sha512-g0VU+y08pKw5M8EZ2rIGiEBaB8wrQMjYGFfW2QVIfyT8V+fq8YFLkvlz4bz5ljvFDJYNFCWT3PWqcRr2FKO81w==",
      "requires": {
        "safe-buffer": "^5.2.1"
      }
    },
    "safe-buffer": {
      "version": "5.2.1",
      "resolved": "https://registry.npmjs.org/safe-buffer/-/safe-buffer-5.2.1.tgz",
      "integrity": "sha512-rp3So07KcdmmKbGvgaNxQSJr7bGVSVk5S9Eq1F+ppbRo70+YeaDxkw5Dd8NPN+GD6bjnYm2VuPuCXmpuYvmCXQ=="
    }
  }
}
