{
  "name": "code_olymp_tester",
  "version": "0.0.0s0",
  "lockfileVersion": 2,
  "requires": true,
  "packages": {
    "": {
      "name": "code_olymp_tester",
      "version": "0.0.0s0",
      "license": "ISC",
      "dependencies": {
        "auto-buffer-encoding": "^0.0.0",
        "pidusage": "^3.0.2",
        "s-get-file": "^0.0.0",
        "safe-stringify-simple": "^0.0.1"
      }
    },
    "node_modules/auto-buffer-encoding": {
      "version": "0.0.0",
      "resolved": "https://registry.npmjs.org/auto-buffer-encoding/-/auto-buffer-encoding-0.0.0.tgz",
      "integrity": "sha512-Kv5gyt2Gca5ZT5GWFJJn8QyStzo7uvWhxS6ZaH5EYy7XGQqTz2iKfxw5BYdbPqHvK1mhv6xsmMwpTHIteJ4A6w==",
      "dependencies": {
        "encoding-japanese": "^2.0.0"
      }
    },
    "node_modules/encoding-japanese": {
      "version": "2.0.0",
      "resolved": "https://registry.npmjs.org/encoding-japanese/-/encoding-japanese-2.0.0.tgz",
      "integrity": "sha512-++P0RhebUC8MJAwJOsT93dT+5oc5oPImp1HubZpAuCZ5kTLnhuuBhKHj2jJeO/Gj93idPBWmIuQ9QWMe5rX3pQ==",
      "engines": {
        "node": ">=8.10.0"
      }
    },
    "node_modules/pidusage": {
      "version": "3.0.2",
      "resolved": "https://registry.npmjs.org/pidusage/-/pidusage-3.0.2.tgz",
      "integrity": "sha512-g0VU+y08pKw5M8EZ2rIGiEBaB8wrQMjYGFfW2QVIfyT8V+fq8YFLkvlz4bz5ljvFDJYNFCWT3PWqcRr2FKO81w==",
      "dependencies": {
        "safe-buffer": "^5.2.1"
      },
      "engines": {
        "node": ">=10"
      }
    },
    "node_modules/s-get-file": {
      "version": "0.0.0",
      "resolved": "https://registry.npmjs.org/s-get-file/-/s-get-file-0.0.0.tgz",
      "integrity": "sha512-pPfHCJhkOJF9REwRGdMDHyB/rPb+jAgPzlm10/qp0CwrK6HnBo6Of/nkWRHWPY7gWhS5LbJFNkriLiK05ZH+rw=="
    },
    "node_modules/safe-buffer": {
      "version": "5.2.1",
      "resolved": "https://registry.npmjs.org/safe-buffer/-/safe-buffer-5.2.1.tgz",
      "integrity": "sha512-rp3So07KcdmmKbGvgaNxQSJr7bGVSVk5S9Eq1F+ppbRo70+YeaDxkw5Dd8NPN+GD6bjnYm2VuPuCXmpuYvmCXQ==",
      "funding": [
        {
          "type": "github",
          "url": "https://github.com/sponsors/feross"
        },
        {
          "type": "patreon",
          "url": "https://www.patreon.com/feross"
        },
        {
          "type": "consulting",
          "url": "https://feross.org/support"
        }
      ]
    },
    "node_modules/safe-stringify-simple": {
      "version": "0.0.1",
      "resolved": "https://registry.npmjs.org/safe-stringify-simple/-/safe-stringify-simple-0.0.1.tgz",
      "integrity": "sha512-c3P5sayZqYzIizeHfLFSEOaiMB7RuMDmJteWahZ91Zs4OYQ9l+9btlkDGKI+0lIkImi9DNn7dQRrRRZO6JsahQ=="
    }
  },
  "dependencies": {
    "auto-buffer-encoding": {
      "version": "0.0.0",
      "resolved": "https://registry.npmjs.org/auto-buffer-encoding/-/auto-buffer-encoding-0.0.0.tgz",
      "integrity": "sha512-Kv5gyt2Gca5ZT5GWFJJn8QyStzo7uvWhxS6ZaH5EYy7XGQqTz2iKfxw5BYdbPqHvK1mhv6xsmMwpTHIteJ4A6w==",
      "requires": {
        "encoding-japanese": "^2.0.0"
      }
    },
    "encoding-japanese": {
      "version": "2.0.0",
      "resolved": "https://registry.npmjs.org/encoding-japanese/-/encoding-japanese-2.0.0.tgz",
      "integrity": "sha512-++P0RhebUC8MJAwJOsT93dT+5oc5oPImp1HubZpAuCZ5kTLnhuuBhKHj2jJeO/Gj93idPBWmIuQ9QWMe5rX3pQ=="
    },
    "pidusage": {
      "version": "3.0.2",
      "resolved": "https://registry.npmjs.org/pidusage/-/pidusage-3.0.2.tgz",
      "integrity": "sha512-g0VU+y08pKw5M8EZ2rIGiEBaB8wrQMjYGFfW2QVIfyT8V+fq8YFLkvlz4bz5ljvFDJYNFCWT3PWqcRr2FKO81w==",
      "requires": {
        "safe-buffer": "^5.2.1"
      }
    },
    "s-get-file": {
      "version": "0.0.0",
      "resolved": "https://registry.npmjs.org/s-get-file/-/s-get-file-0.0.0.tgz",
      "integrity": "sha512-pPfHCJhkOJF9REwRGdMDHyB/rPb+jAgPzlm10/qp0CwrK6HnBo6Of/nkWRHWPY7gWhS5LbJFNkriLiK05ZH+rw=="
    },
    "safe-buffer": {
      "version": "5.2.1",
      "resolved": "https://registry.npmjs.org/safe-buffer/-/safe-buffer-5.2.1.tgz",
      "integrity": "sha512-rp3So07KcdmmKbGvgaNxQSJr7bGVSVk5S9Eq1F+ppbRo70+YeaDxkw5Dd8NPN+GD6bjnYm2VuPuCXmpuYvmCXQ=="
    },
    "safe-stringify-simple": {
      "version": "0.0.1",
      "resolved": "https://registry.npmjs.org/safe-stringify-simple/-/safe-stringify-simple-0.0.1.tgz",
      "integrity": "sha512-c3P5sayZqYzIizeHfLFSEOaiMB7RuMDmJteWahZ91Zs4OYQ9l+9btlkDGKI+0lIkImi9DNn7dQRrRRZO6JsahQ=="
    }
  }
}
